
Microsoft Visual Studio Solution File, Format Version 12.00
# Visual Studio 2012
Project("{159641D6-6404-4A2A-AE62-294DE0FE8301}") = "AZ124_AUC", "AZ124_AUC.dtproj", "{838090FC-E6FF-4988-8A64-3EA5994951EA}"
EndProject
Global
	GlobalSection(SolutionConfigurationPlatforms) = preSolution
		Development|Default = Development|Default
	EndGlobalSection
	GlobalSection(ProjectConfigurationPlatforms) = postSolution
		{838090FC-E6FF-4988-8A64-3EA5994951EA}.Development|Default.ActiveCfg = Development
		{838090FC-E6FF-4988-8A64-3EA5994951EA}.Development|Default.Build.0 = Development
	EndGlobalSection
	GlobalSection(SolutionProperties) = preSolution
		HideSolutionNode = FALSE
	EndGlobalSection
EndGlobal
